
Microsoft Visual Studio Solution File, Format Version 12.00
# Visual Studio Version 17
VisualStudioVersion = 17.6.33815.320
MinimumVisualStudioVersion = 10.0.40219.1
Project("{FAE04EC0-301F-11D3-BF4B-00C04F79EFBC}") = "Funkcje_GA", "src\Funkcje_GA.csproj", "{B67764E0-3FA0-4ECC-89C3-0C083D4A385E}"
EndProject
Global
	GlobalSection(SolutionConfigurationPlatforms) = preSolution
		Debug|Any CPU = Debug|Any CPU
		Release|Any CPU = Release|Any CPU
	EndGlobalSection
	GlobalSection(ProjectConfigurationPlatforms) = postSolution
		{B67764E0-3FA0-4ECC-89C3-0C083D4A385E}.Debug|Any CPU.ActiveCfg = Debug|Any CPU
		{B67764E0-3FA0-4ECC-89C3-0C083D4A385E}.Debug|Any CPU.Build.0 = Debug|Any CPU
		{B67764E0-3FA0-4ECC-89C3-0C083D4A385E}.Release|Any CPU.ActiveCfg = Release|Any CPU
		{B67764E0-3FA0-4ECC-89C3-0C083D4A385E}.Release|Any CPU.Build.0 = Release|Any CPU
	EndGlobalSection
	GlobalSection(SolutionProperties) = preSolution
		HideSolutionNode = FALSE
	EndGlobalSection
	GlobalSection(ExtensibilityGlobals) = postSolution
		SolutionGuid = {D4BE3C3C-C16A-44A1-9D6F-A50702FACB1B}
	EndGlobalSection
EndGlobal
